<?xml version="1.0" encoding="utf-8"?>
<Project ToolsVersion="4.0" xmlns="http://schemas.microsoft.com/developer/msbuild/2003">
  <ItemGroup>
    <Filter Include="01Engine">
      <UniqueIdentifier>{e5fccdcb-f299-4448-bdb6-01fa28039576}</UniqueIdentifier>
    </Filter>
    <Filter Include="01Engine\Collider">
      <UniqueIdentifier>{7f19ecfb-5d70-4d31-a1f7-c9dd14bad324}</UniqueIdentifier>
    </Filter>
    <Filter Include="01Engine\DirectX">
      <UniqueIdentifier>{e56f8c9a-95a5-4ceb-b65f-5b8e572d087b}</UniqueIdentifier>
    </Filter>
    <Filter Include="01Engine\GameObject">
      <UniqueIdentifier>{b450e438-c939-4b05-b319-0e3c0b4a335c}</UniqueIdentifier>
    </Filter>
    <Filter Include="01Engine\ResourceManager">
      <UniqueIdentifier>{bedee914-5063-4c08-95bb-79c861b4969c}</UniqueIdentifier>
    </Filter>
    <Filter Include="02Shader">
      <UniqueIdentifier>{47a6a3f5-8cfd-436b-8d58-beccd108f3f3}</UniqueIdentifier>
      <Extensions>hlsl</Extensions>
    </Filter>
    <Filter Include="TitleScene">
      <UniqueIdentifier>{c87b57aa-3b93-4539-998c-1181d37761ac}</UniqueIdentifier>
    </Filter>
    <Filter Include="ResultScene">
      <UniqueIdentifier>{9bebfae6-671d-4c62-a495-a5be3b456a01}</UniqueIdentifier>
    </Filter>
    <Filter Include="Mission">
      <UniqueIdentifier>{7d3c3667-f15c-430b-89ae-c5e48439df4c}</UniqueIdentifier>
    </Filter>
    <Filter Include="MainGameScene">
      <UniqueIdentifier>{bcf86862-fe11-4c32-8480-1ce5d1bdd473}</UniqueIdentifier>
    </Filter>
    <Filter Include="MainGameScene\Object">
      <UniqueIdentifier>{5ebcac41-a35f-4c02-86e4-4722c4ce1fbe}</UniqueIdentifier>
    </Filter>
    <Filter Include="Value">
      <UniqueIdentifier>{8a23206c-f190-4e0a-b954-e24119b7a059}</UniqueIdentifier>
    </Filter>
  </ItemGroup>
  <ItemGroup>
    <ClCompile Include="Engine\BoxCollider.cpp">
      <Filter>01Engine\Collider</Filter>
    </ClCompile>
    <ClCompile Include="Engine\Collider.cpp">
      <Filter>01Engine\Collider</Filter>
    </ClCompile>
    <ClCompile Include="Engine\SphereCollider.cpp">
      <Filter>01Engine\Collider</Filter>
    </ClCompile>
    <ClCompile Include="Engine\Direct3D.cpp">
      <Filter>01Engine\DirectX</Filter>
    </ClCompile>
    <ClCompile Include="Engine\Fbx.cpp">
      <Filter>01Engine\DirectX</Filter>
    </ClCompile>
    <ClCompile Include="Engine\FbxParts.cpp">
      <Filter>01Engine\DirectX</Filter>
    </ClCompile>
    <ClCompile Include="Engine\Input.cpp">
      <Filter>01Engine\DirectX</Filter>
    </ClCompile>
    <ClCompile Include="Engine\Sprite.cpp">
      <Filter>01Engine\DirectX</Filter>
    </ClCompile>
    <ClCompile Include="Engine\Camera.cpp">
      <Filter>01Engine\GameObject</Filter>
    </ClCompile>
    <ClCompile Include="Engine\GameObject.cpp">
      <Filter>01Engine\GameObject</Filter>
    </ClCompile>
    <ClCompile Include="Engine\RootObject.cpp">
      <Filter>01Engine\GameObject</Filter>
    </ClCompile>
    <ClCompile Include="Engine\CsvReader.cpp">
      <Filter>01Engine\ResourceManager</Filter>
    </ClCompile>
    <ClCompile Include="Engine\Image.cpp">
      <Filter>01Engine\ResourceManager</Filter>
    </ClCompile>
    <ClCompile Include="Engine\Model.cpp">
      <Filter>01Engine\ResourceManager</Filter>
    </ClCompile>
    <ClCompile Include="Engine\Main.cpp">
      <Filter>01Engine</Filter>
    </ClCompile>
    <ClCompile Include="Engine\SceneManager.cpp">
      <Filter>01Engine</Filter>
    </ClCompile>
    <ClCompile Include="Engine\Texture.cpp">
      <Filter>01Engine\DirectX</Filter>
    </ClCompile>
    <ClCompile Include="Engine\Transform.cpp">
      <Filter>01Engine\GameObject</Filter>
    </ClCompile>
    <ClCompile Include="Engine\Audio.cpp">
      <Filter>01Engine\ResourceManager</Filter>
    </ClCompile>
    <ClCompile Include="Engine\Text.cpp">
      <Filter>01Engine\ResourceManager</Filter>
    </ClCompile>
    <ClCompile Include="Engine\Debug.cpp">
      <Filter>01Engine\ResourceManager</Filter>
    </ClCompile>
    <ClCompile Include="Engine\BillBoard.cpp">
      <Filter>01Engine\DirectX</Filter>
    </ClCompile>
    <ClCompile Include="Engine\VFX.cpp">
      <Filter>01Engine\ResourceManager</Filter>
    </ClCompile>
    <ClCompile Include="TitleScene.cpp">
      <Filter>TitleScene</Filter>
    </ClCompile>
    <ClCompile Include="ResultScene.cpp">
      <Filter>ResultScene</Filter>
    </ClCompile>
    <ClCompile Include="Mission.cpp">
      <Filter>Mission</Filter>
    </ClCompile>
    <ClCompile Include="MissionDisplay.cpp">
      <Filter>Mission</Filter>
    </ClCompile>
    <ClCompile Include="MissionManager.cpp">
      <Filter>Mission</Filter>
    </ClCompile>
    <ClCompile Include="Chocolate.cpp">
      <Filter>MainGameScene\Object</Filter>
    </ClCompile>
    <ClCompile Include="Enemy.cpp">
      <Filter>MainGameScene\Object</Filter>
    </ClCompile>
    <ClCompile Include="Floor.cpp">
      <Filter>MainGameScene\Object</Filter>
    </ClCompile>
    <ClCompile Include="Player.cpp">
      <Filter>MainGameScene\Object</Filter>
    </ClCompile>
    <ClCompile Include="Sword.cpp">
      <Filter>MainGameScene\Object</Filter>
    </ClCompile>
    <ClCompile Include="ValueManager.cpp">
      <Filter>Value</Filter>
    </ClCompile>
    <ClCompile Include="GameClear.cpp">
      <Filter>ResultScene</Filter>
    </ClCompile>
    <ClCompile Include="GameOver.cpp">
      <Filter>ResultScene</Filter>
    </ClCompile>
    <ClCompile Include="Result_Text.cpp">
      <Filter>ResultScene</Filter>
    </ClCompile>
    <ClCompile Include="Title_Image.cpp">
      <Filter>TitleScene</Filter>
    </ClCompile>
    <ClCompile Include="Result_Image.cpp">
      <Filter>ResultScene</Filter>
    </ClCompile>
    <ClCompile Include="MainGameScene.cpp">
      <Filter>MainGameScene</Filter>
    </ClCompile>
    <ClCompile Include="Tree.cpp">
      <Filter>MainGameScene\Object</Filter>
    </ClCompile>
    <ClCompile Include="Trap.cpp">
      <Filter>MainGameScene\Object</Filter>
    </ClCompile>
  </ItemGroup>
  <ItemGroup>
    <ClInclude Include="Engine\BoxCollider.h">
      <Filter>01Engine\Collider</Filter>
    </ClInclude>
    <ClInclude Include="Engine\Collider.h">
      <Filter>01Engine\Collider</Filter>
    </ClInclude>
    <ClInclude Include="Engine\SphereCollider.h">
      <Filter>01Engine\Collider</Filter>
    </ClInclude>
    <ClInclude Include="Engine\Direct3D.h">
      <Filter>01Engine\DirectX</Filter>
    </ClInclude>
    <ClInclude Include="Engine\Fbx.h">
      <Filter>01Engine\DirectX</Filter>
    </ClInclude>
    <ClInclude Include="Engine\FbxParts.h">
      <Filter>01Engine\DirectX</Filter>
    </ClInclude>
    <ClInclude Include="Engine\Input.h">
      <Filter>01Engine\DirectX</Filter>
    </ClInclude>
    <ClInclude Include="Engine\Sprite.h">
      <Filter>01Engine\DirectX</Filter>
    </ClInclude>
    <ClInclude Include="Engine\Camera.h">
      <Filter>01Engine\GameObject</Filter>
    </ClInclude>
    <ClInclude Include="Engine\GameObject.h">
      <Filter>01Engine\GameObject</Filter>
    </ClInclude>
    <ClInclude Include="Engine\RootObject.h">
      <Filter>01Engine\GameObject</Filter>
    </ClInclude>
    <ClInclude Include="Engine\CsvReader.h">
      <Filter>01Engine\ResourceManager</Filter>
    </ClInclude>
    <ClInclude Include="Engine\Image.h">
      <Filter>01Engine\ResourceManager</Filter>
    </ClInclude>
    <ClInclude Include="Engine\Model.h">
      <Filter>01Engine\ResourceManager</Filter>
    </ClInclude>
    <ClInclude Include="Engine\Global.h">
      <Filter>01Engine</Filter>
    </ClInclude>
    <ClInclude Include="Engine\SceneManager.h">
      <Filter>01Engine</Filter>
    </ClInclude>
    <ClInclude Include="Engine\Texture.h">
      <Filter>01Engine\DirectX</Filter>
    </ClInclude>
    <ClInclude Include="Engine\Transform.h">
      <Filter>01Engine\GameObject</Filter>
    </ClInclude>
    <ClInclude Include="Engine\Audio.h">
      <Filter>01Engine\ResourceManager</Filter>
    </ClInclude>
    <ClInclude Include="Engine\Text.h">
      <Filter>01Engine\ResourceManager</Filter>
    </ClInclude>
    <ClInclude Include="Engine\Debug.h">
      <Filter>01Engine\ResourceManager</Filter>
    </ClInclude>
    <ClInclude Include="Engine\BillBoard.h">
      <Filter>01Engine\DirectX</Filter>
    </ClInclude>
    <ClInclude Include="Engine\VFX.h">
      <Filter>01Engine\ResourceManager</Filter>
    </ClInclude>
    <ClInclude Include="TitleScene.h">
      <Filter>TitleScene</Filter>
    </ClInclude>
    <ClInclude Include="ResultScene.h">
      <Filter>ResultScene</Filter>
    </ClInclude>
    <ClInclude Include="Mission.h">
      <Filter>Mission</Filter>
    </ClInclude>
    <ClInclude Include="MissionDisplay.h">
      <Filter>Mission</Filter>
    </ClInclude>
    <ClInclude Include="MissionManager.h">
      <Filter>Mission</Filter>
    </ClInclude>
    <ClInclude Include="Chocolate.h">
      <Filter>MainGameScene\Object</Filter>
    </ClInclude>
    <ClInclude Include="Enemy.h">
      <Filter>MainGameScene\Object</Filter>
    </ClInclude>
    <ClInclude Include="Floor.h">
      <Filter>MainGameScene\Object</Filter>
    </ClInclude>
    <ClInclude Include="Player.h">
      <Filter>MainGameScene\Object</Filter>
    </ClInclude>
    <ClInclude Include="Sword.h">
      <Filter>MainGameScene\Object</Filter>
    </ClInclude>
    <ClInclude Include="MainGameScene.h">
      <Filter>MainGameScene</Filter>
    </ClInclude>
    <ClInclude Include="ValueManager.h">
      <Filter>Value</Filter>
    </ClInclude>
    <ClInclude Include="GameClear.h">
      <Filter>ResultScene</Filter>
    </ClInclude>
    <ClInclude Include="GameOver.h">
      <Filter>ResultScene</Filter>
    </ClInclude>
    <ClInclude Include="Result_Text.h">
      <Filter>ResultScene</Filter>
    </ClInclude>
    <ClInclude Include="Title_Image.h">
      <Filter>TitleScene</Filter>
    </ClInclude>
    <ClInclude Include="Result_Image.h">
      <Filter>ResultScene</Filter>
    </ClInclude>
    <ClInclude Include="Tree.h">
      <Filter>MainGameScene\Object</Filter>
    </ClInclude>
    <ClInclude Include="Trap.h">
      <Filter>MainGameScene\Object</Filter>
    </ClInclude>
  </ItemGroup>
  <ItemGroup>
    <FxCompile Include="Assets\Shader\Simple2D.hlsl">
      <Filter>02Shader</Filter>
    </FxCompile>
    <FxCompile Include="Assets\Shader\Simple3D.hlsl">
      <Filter>02Shader</Filter>
    </FxCompile>
    <FxCompile Include="Assets\Shader\Debug3D.hlsl">
      <Filter>02Shader</Filter>
    </FxCompile>
    <FxCompile Include="Assets\Shader\BillBoard.hlsl">
      <Filter>02Shader</Filter>
    </FxCompile>
  </ItemGroup>
</Project>